
Microsoft Visual Studio Solution File, Format Version 12.00
# Visual Studio Version 17
VisualStudioVersion = 17.7.34221.43
MinimumVisualStudioVersion = 10.0.40219.1
Project("{8BC9CEB8-8B4A-11D0-8D11-00A0C91BC942}") = "sequence", "sequence\sequence.vcxproj", "{6FFC8305-F7FB-4120-813A-1CF5FE81D2FC}"
EndProject
Project("{8BC9CEB8-8B4A-11D0-8D11-00A0C91BC942}") = "omp", "omp\omp.vcxproj", "{07E130EA-D059-4BFD-8165-334EC7F03106}"
EndProject
Project("{8BC9CEB8-8B4A-11D0-8D11-00A0C91BC942}") = "ocl", "ocl\ocl.vcxproj", "{9E179B73-576C-415B-8ABF-FEBAA07063AF}"
EndProject
Project("{8BC9CEB8-8B4A-11D0-8D11-00A0C91BC942}") = "omp-dll", "omp-dll\omp-dll.vcxproj", "{83C7E04D-F190-4BDE-8C5A-D2462ECFB2F4}"
EndProject
Project("{8BC9CEB8-8B4A-11D0-8D11-00A0C91BC942}") = "ocl-dll", "ocl-dll\ocl-dll.vcxproj", "{BB340298-28FC-4F43-AA66-CE748750E575}"
EndProject
Project("{8BC9CEB8-8B4A-11D0-8D11-00A0C91BC942}") = "sequence-dll", "sequence-dll\sequence-dll.vcxproj", "{A2C905C3-3E48-4414-B5C0-59F0B38CFB0B}"
EndProject
Global
	GlobalSection(SolutionConfigurationPlatforms) = preSolution
		Debug|x64 = Debug|x64
		Debug|x86 = Debug|x86
		Release|x64 = Release|x64
		Release|x86 = Release|x86
	EndGlobalSection
	GlobalSection(ProjectConfigurationPlatforms) = postSolution
		{6FFC8305-F7FB-4120-813A-1CF5FE81D2FC}.Debug|x64.ActiveCfg = Debug|x64
		{6FFC8305-F7FB-4120-813A-1CF5FE81D2FC}.Debug|x64.Build.0 = Debug|x64
		{6FFC8305-F7FB-4120-813A-1CF5FE81D2FC}.Debug|x86.ActiveCfg = Debug|Win32
		{6FFC8305-F7FB-4120-813A-1CF5FE81D2FC}.Debug|x86.Build.0 = Debug|Win32
		{6FFC8305-F7FB-4120-813A-1CF5FE81D2FC}.Release|x64.ActiveCfg = Release|x64
		{6FFC8305-F7FB-4120-813A-1CF5FE81D2FC}.Release|x64.Build.0 = Release|x64
		{6FFC8305-F7FB-4120-813A-1CF5FE81D2FC}.Release|x86.ActiveCfg = Release|Win32
		{6FFC8305-F7FB-4120-813A-1CF5FE81D2FC}.Release|x86.Build.0 = Release|Win32
		{07E130EA-D059-4BFD-8165-334EC7F03106}.Debug|x64.ActiveCfg = Debug|x64
		{07E130EA-D059-4BFD-8165-334EC7F03106}.Debug|x64.Build.0 = Debug|x64
		{07E130EA-D059-4BFD-8165-334EC7F03106}.Debug|x86.ActiveCfg = Debug|Win32
		{07E130EA-D059-4BFD-8165-334EC7F03106}.Debug|x86.Build.0 = Debug|Win32
		{07E130EA-D059-4BFD-8165-334EC7F03106}.Release|x64.ActiveCfg = Release|x64
		{07E130EA-D059-4BFD-8165-334EC7F03106}.Release|x64.Build.0 = Release|x64
		{07E130EA-D059-4BFD-8165-334EC7F03106}.Release|x86.ActiveCfg = Release|Win32
		{07E130EA-D059-4BFD-8165-334EC7F03106}.Release|x86.Build.0 = Release|Win32
		{9E179B73-576C-415B-8ABF-FEBAA07063AF}.Debug|x64.ActiveCfg = Debug|x64
		{9E179B73-576C-415B-8ABF-FEBAA07063AF}.Debug|x64.Build.0 = Debug|x64
		{9E179B73-576C-415B-8ABF-FEBAA07063AF}.Debug|x86.ActiveCfg = Debug|Win32
		{9E179B73-576C-415B-8ABF-FEBAA07063AF}.Debug|x86.Build.0 = Debug|Win32
		{9E179B73-576C-415B-8ABF-FEBAA07063AF}.Release|x64.ActiveCfg = Release|x64
		{9E179B73-576C-415B-8ABF-FEBAA07063AF}.Release|x64.Build.0 = Release|x64
		{9E179B73-576C-415B-8ABF-FEBAA07063AF}.Release|x86.ActiveCfg = Release|Win32
		{9E179B73-576C-415B-8ABF-FEBAA07063AF}.Release|x86.Build.0 = Release|Win32
		{83C7E04D-F190-4BDE-8C5A-D2462ECFB2F4}.Debug|x64.ActiveCfg = Debug|x64
		{83C7E04D-F190-4BDE-8C5A-D2462ECFB2F4}.Debug|x64.Build.0 = Debug|x64
		{83C7E04D-F190-4BDE-8C5A-D2462ECFB2F4}.Debug|x86.ActiveCfg = Debug|Win32
		{83C7E04D-F190-4BDE-8C5A-D2462ECFB2F4}.Debug|x86.Build.0 = Debug|Win32
		{83C7E04D-F190-4BDE-8C5A-D2462ECFB2F4}.Release|x64.ActiveCfg = Release|x64
		{83C7E04D-F190-4BDE-8C5A-D2462ECFB2F4}.Release|x64.Build.0 = Release|x64
		{83C7E04D-F190-4BDE-8C5A-D2462ECFB2F4}.Release|x86.ActiveCfg = Release|Win32
		{83C7E04D-F190-4BDE-8C5A-D2462ECFB2F4}.Release|x86.Build.0 = Release|Win32
		{BB340298-28FC-4F43-AA66-CE748750E575}.Debug|x64.ActiveCfg = Debug|x64
		{BB340298-28FC-4F43-AA66-CE748750E575}.Debug|x64.Build.0 = Debug|x64
		{BB340298-28FC-4F43-AA66-CE748750E575}.Debug|x86.ActiveCfg = Debug|Win32
		{BB340298-28FC-4F43-AA66-CE748750E575}.Debug|x86.Build.0 = Debug|Win32
		{BB340298-28FC-4F43-AA66-CE748750E575}.Release|x64.ActiveCfg = Release|x64
		{BB340298-28FC-4F43-AA66-CE748750E575}.Release|x64.Build.0 = Release|x64
		{BB340298-28FC-4F43-AA66-CE748750E575}.Release|x86.ActiveCfg = Release|Win32
		{BB340298-28FC-4F43-AA66-CE748750E575}.Release|x86.Build.0 = Release|Win32
		{A2C905C3-3E48-4414-B5C0-59F0B38CFB0B}.Debug|x64.ActiveCfg = Debug|x64
		{A2C905C3-3E48-4414-B5C0-59F0B38CFB0B}.Debug|x64.Build.0 = Debug|x64
		{A2C905C3-3E48-4414-B5C0-59F0B38CFB0B}.Debug|x86.ActiveCfg = Debug|Win32
		{A2C905C3-3E48-4414-B5C0-59F0B38CFB0B}.Debug|x86.Build.0 = Debug|Win32
		{A2C905C3-3E48-4414-B5C0-59F0B38CFB0B}.Release|x64.ActiveCfg = Release|x64
		{A2C905C3-3E48-4414-B5C0-59F0B38CFB0B}.Release|x64.Build.0 = Release|x64
		{A2C905C3-3E48-4414-B5C0-59F0B38CFB0B}.Release|x86.ActiveCfg = Release|Win32
		{A2C905C3-3E48-4414-B5C0-59F0B38CFB0B}.Release|x86.Build.0 = Release|Win32
	EndGlobalSection
	GlobalSection(SolutionProperties) = preSolution
		HideSolutionNode = FALSE
	EndGlobalSection
	GlobalSection(ExtensibilityGlobals) = postSolution
		SolutionGuid = {82FA3713-CE3B-4E75-8DA9-B10E1099B8A9}
	EndGlobalSection
EndGlobal
